
Microsoft Visual Studio Solution File, Format Version 12.00
Project("{FAE04EC0-301F-11D3-BF4B-00C04F79EFBC}") = "Dotto", "Dotto\Dotto.csproj", "{63350F0F-C36F-4324-BEF2-5D0873D7DC59}"
EndProject
Project("{FAE04EC0-301F-11D3-BF4B-00C04F79EFBC}") = "Commands", "Dotto.Application\Commands\Commands.csproj", "{F4FE4199-591B-4FBA-A96E-5E58EFAFD9F4}"
EndProject
Project("{FAE04EC0-301F-11D3-BF4B-00C04F79EFBC}") = "Application", "Dotto.Application\Application\Application.csproj", "{CA709F1D-997D-45C8-B4EE-85644359F922}"
EndProject
Project("{FAE04EC0-301F-11D3-BF4B-00C04F79EFBC}") = "Database", "Dotto.Infrastructure\Database\Database.csproj", "{7A8532D3-7299-4E8E-BE21-03ED32E13E76}"
EndProject
Project("{2150E333-8FDC-42A3-9474-1A3956D46DE8}") = "2_Infrastructure", "2_Infrastructure", "{B8C538E4-C0E5-4035-B9D8-4E9D9C2A4DD1}"
EndProject
Project("{FAE04EC0-301F-11D3-BF4B-00C04F79EFBC}") = "FileUpload", "Dotto.Infrastructure\FileUpload\FileUpload.csproj", "{AC757B00-18E2-4FB7-B790-E140ABBB869A}"
EndProject
Project("{FAE04EC0-301F-11D3-BF4B-00C04F79EFBC}") = "Common", "Dotto.Application\Common\Common.csproj", "{3583AA4C-ACA5-4D18-8ABE-5951DDE82169}"
EndProject
Project("{2150E333-8FDC-42A3-9474-1A3956D46DE8}") = "1_Application", "1_Application", "{B599B60B-AD25-4573-BBC6-CE75D4EEB309}"
EndProject
Project("{2150E333-8FDC-42A3-9474-1A3956D46DE8}") = "3_Tests", "3_Tests", "{4B635DC2-321B-4CD5-BAE3-D4035ED237BD}"
EndProject
Project("{2150E333-8FDC-42A3-9474-1A3956D46DE8}") = "3_Dotto", "3_Dotto", "{6766546E-2D81-4622-8F61-1F2A548EB630}"
EndProject
Project("{FAE04EC0-301F-11D3-BF4B-00C04F79EFBC}") = "Tests", "Dotto.Tests\Tests.csproj", "{22327D8B-D314-449E-A401-CFAA8E5B10E6}"
EndProject
Project("{FAE04EC0-301F-11D3-BF4B-00C04F79EFBC}") = "Downloader", "Dotto.Infrastructure\Downloader\Downloader.csproj", "{43A25595-FBA1-45B1-84A9-A9FEF478C9D5}"
EndProject
Global
	GlobalSection(SolutionConfigurationPlatforms) = preSolution
		Debug|Any CPU = Debug|Any CPU
		Release|Any CPU = Release|Any CPU
	EndGlobalSection
	GlobalSection(ProjectConfigurationPlatforms) = postSolution
		{63350F0F-C36F-4324-BEF2-5D0873D7DC59}.Debug|Any CPU.ActiveCfg = Debug|Any CPU
		{63350F0F-C36F-4324-BEF2-5D0873D7DC59}.Debug|Any CPU.Build.0 = Debug|Any CPU
		{63350F0F-C36F-4324-BEF2-5D0873D7DC59}.Release|Any CPU.ActiveCfg = Release|Any CPU
		{63350F0F-C36F-4324-BEF2-5D0873D7DC59}.Release|Any CPU.Build.0 = Release|Any CPU
		{F4FE4199-591B-4FBA-A96E-5E58EFAFD9F4}.Debug|Any CPU.ActiveCfg = Debug|Any CPU
		{F4FE4199-591B-4FBA-A96E-5E58EFAFD9F4}.Debug|Any CPU.Build.0 = Debug|Any CPU
		{F4FE4199-591B-4FBA-A96E-5E58EFAFD9F4}.Release|Any CPU.ActiveCfg = Release|Any CPU
		{F4FE4199-591B-4FBA-A96E-5E58EFAFD9F4}.Release|Any CPU.Build.0 = Release|Any CPU
		{CA709F1D-997D-45C8-B4EE-85644359F922}.Debug|Any CPU.ActiveCfg = Debug|Any CPU
		{CA709F1D-997D-45C8-B4EE-85644359F922}.Debug|Any CPU.Build.0 = Debug|Any CPU
		{CA709F1D-997D-45C8-B4EE-85644359F922}.Release|Any CPU.ActiveCfg = Release|Any CPU
		{CA709F1D-997D-45C8-B4EE-85644359F922}.Release|Any CPU.Build.0 = Release|Any CPU
		{7A8532D3-7299-4E8E-BE21-03ED32E13E76}.Debug|Any CPU.ActiveCfg = Debug|Any CPU
		{7A8532D3-7299-4E8E-BE21-03ED32E13E76}.Debug|Any CPU.Build.0 = Debug|Any CPU
		{7A8532D3-7299-4E8E-BE21-03ED32E13E76}.Release|Any CPU.ActiveCfg = Release|Any CPU
		{7A8532D3-7299-4E8E-BE21-03ED32E13E76}.Release|Any CPU.Build.0 = Release|Any CPU
		{AC757B00-18E2-4FB7-B790-E140ABBB869A}.Debug|Any CPU.ActiveCfg = Debug|Any CPU
		{AC757B00-18E2-4FB7-B790-E140ABBB869A}.Debug|Any CPU.Build.0 = Debug|Any CPU
		{AC757B00-18E2-4FB7-B790-E140ABBB869A}.Release|Any CPU.ActiveCfg = Release|Any CPU
		{AC757B00-18E2-4FB7-B790-E140ABBB869A}.Release|Any CPU.Build.0 = Release|Any CPU
		{3583AA4C-ACA5-4D18-8ABE-5951DDE82169}.Debug|Any CPU.ActiveCfg = Debug|Any CPU
		{3583AA4C-ACA5-4D18-8ABE-5951DDE82169}.Debug|Any CPU.Build.0 = Debug|Any CPU
		{3583AA4C-ACA5-4D18-8ABE-5951DDE82169}.Release|Any CPU.ActiveCfg = Release|Any CPU
		{3583AA4C-ACA5-4D18-8ABE-5951DDE82169}.Release|Any CPU.Build.0 = Release|Any CPU
		{22327D8B-D314-449E-A401-CFAA8E5B10E6}.Debug|Any CPU.ActiveCfg = Debug|Any CPU
		{22327D8B-D314-449E-A401-CFAA8E5B10E6}.Debug|Any CPU.Build.0 = Debug|Any CPU
		{22327D8B-D314-449E-A401-CFAA8E5B10E6}.Release|Any CPU.ActiveCfg = Release|Any CPU
		{22327D8B-D314-449E-A401-CFAA8E5B10E6}.Release|Any CPU.Build.0 = Release|Any CPU
		{43A25595-FBA1-45B1-84A9-A9FEF478C9D5}.Debug|Any CPU.ActiveCfg = Debug|Any CPU
		{43A25595-FBA1-45B1-84A9-A9FEF478C9D5}.Debug|Any CPU.Build.0 = Debug|Any CPU
		{43A25595-FBA1-45B1-84A9-A9FEF478C9D5}.Release|Any CPU.ActiveCfg = Release|Any CPU
		{43A25595-FBA1-45B1-84A9-A9FEF478C9D5}.Release|Any CPU.Build.0 = Release|Any CPU
	EndGlobalSection
	GlobalSection(NestedProjects) = preSolution
		{7A8532D3-7299-4E8E-BE21-03ED32E13E76} = {B8C538E4-C0E5-4035-B9D8-4E9D9C2A4DD1}
		{AC757B00-18E2-4FB7-B790-E140ABBB869A} = {B8C538E4-C0E5-4035-B9D8-4E9D9C2A4DD1}
		{CA709F1D-997D-45C8-B4EE-85644359F922} = {B599B60B-AD25-4573-BBC6-CE75D4EEB309}
		{3583AA4C-ACA5-4D18-8ABE-5951DDE82169} = {B599B60B-AD25-4573-BBC6-CE75D4EEB309}
		{F4FE4199-591B-4FBA-A96E-5E58EFAFD9F4} = {B599B60B-AD25-4573-BBC6-CE75D4EEB309}
		{63350F0F-C36F-4324-BEF2-5D0873D7DC59} = {6766546E-2D81-4622-8F61-1F2A548EB630}
		{22327D8B-D314-449E-A401-CFAA8E5B10E6} = {4B635DC2-321B-4CD5-BAE3-D4035ED237BD}
		{43A25595-FBA1-45B1-84A9-A9FEF478C9D5} = {B8C538E4-C0E5-4035-B9D8-4E9D9C2A4DD1}
	EndGlobalSection
EndGlobal
